{"1.2.0",
[{<<"canister">>,{pkg,<<"canister">>,<<"0.1.1">>},1},
 {<<"cf">>,{pkg,<<"cf">>,<<"0.3.1">>},3},
 {<<"erlang_ds">>,{pkg,<<"erlang_ds">>,<<"0.3.0">>},1},
 {<<"erlware_commons">>,{pkg,<<"erlware_commons">>,<<"1.5.0">>},2},
 {<<"fs">>,{pkg,<<"fs">>,<<"6.1.1">>},1},
 {<<"mimetypes">>,{pkg,<<"mimetypes">>,<<"1.1.0">>},0},
 {<<"nitro_cache">>,{pkg,<<"nitro_cache">>,<<"0.4.1">>},1},
 {<<"nitrogen_core">>,
  {git,"https://github.com/nitrogen/nitrogen_core",
       {ref,"6b21a47739c0d734dad304a2219e909d8be1b2be"}},
  0},
 {<<"nprocreg">>,{pkg,<<"nprocreg">>,<<"0.3.0">>},1},
 {<<"qdate">>,{pkg,<<"qdate">>,<<"0.7.0">>},1},
 {<<"qdate_localtime">>,{pkg,<<"qdate_localtime">>,<<"1.2.0">>},2},
 {<<"rekt">>,{pkg,<<"rekt">>,<<"0.1.0">>},1},
 {<<"sigma_erlang">>,
  {git,"https://github.com/choptastic/sigma_erlang",
       {ref,"6ebbe882ccba68e8eff43af95151e69009d4235d"}},
  0},
 {<<"sigma_proplist">>,
  {git,"https://github.com/choptastic/sigma_proplist",
       {ref,"f5ceea6e997cf6128abf45ee430c89dd75acdddb"}},
  0},
 {<<"simple_bridge">>,
  {git,"https://github.com/nitrogen/simple_bridge",
       {ref,"7137f6a5ebd430353a6f3c19313a0a0d42b77797"}},
  1},
 {<<"sync">>,{pkg,<<"sync">>,<<"0.4.1">>},0}]}.
[
{pkg_hash,[
 {<<"canister">>, <<"FDEEF86275BC7CCF36C47D1DEF98599825FE6C794BE4B15DC40B2E2C15B3015A">>},
 {<<"cf">>, <<"5CB902239476E141EA70A740340233782D363A31EEA8AD37049561542E6CD641">>},
 {<<"erlang_ds">>, <<"170BF7CB0211831C96F6B36F3EDA376A8F93E0530A8BF0ADED436F0370AA4B08">>},
 {<<"erlware_commons">>, <<"918C56D8FB3BE52AF0DF138ED6E0755E764AD4467CD7D025761F7D0A17D3DEC1">>},
 {<<"fs">>, <<"9D147B944D60CFA48A349F12D06C8EE71128F610C90870BDF9A6773206452ED0">>},
 {<<"mimetypes">>, <<"82D455AE77558C0B839D7EF8F862FB67AD4450CD394FC728F8D894078F95B40F">>},
 {<<"nitro_cache">>, <<"3BA72C92228E71D772FE006C74C957BF95536BEC1647C01D9575385A7F86174F">>},
 {<<"nprocreg">>, <<"A06EEBA26CC8FBB066537CBB57B89E8C8121B75B0F5F5FB8FD14FE68ADF650D3">>},
 {<<"qdate">>, <<"EBFFBE723E5290714ADCB74AFA1FBDB89DF152586B491F56306B29526D93975B">>},
 {<<"qdate_localtime">>, <<"644ADE4C7F7EAC765E2048DFA714D78EA86BAF5255FE46279B2EAC5729760A07">>},
 {<<"rekt">>, <<"00974FD28C4532017332769CE48C57F62FD7A61EA61EFFD862A920898CA7228E">>},
 {<<"sync">>, <<"537C9A217015D95632C2F4D14D07FFE3ACAE4E8981CDFC1EF59F328EC004C6A2">>}]},
{pkg_hash_ext,[
 {<<"canister">>, <<"396A66AA3586C37D5CA93BE97D3FC1EEC7FA454B9324B70467F68C152A9A4164">>},
 {<<"cf">>, <<"315E8D447D3A4B02BCDBFA397AD03BBB988A6E0AA6F44D3ADD0F4E3C3BF97672">>},
 {<<"erlang_ds">>, <<"C6CACA68BE1D726B93DC9C8D97A04B7DF2EF857CC4782FD3C6F759B513CF6F29">>},
 {<<"erlware_commons">>, <<"3E7C6FB2BA4C29B0DD5DFE9D031B66449E2088ECEC1A81465BD9FDE05ED7D0DB">>},
 {<<"fs">>, <<"EF94E95FFE79916860649FED80AC62B04C322B0BB70F5128144C026B4D171F8B">>},
 {<<"mimetypes">>, <<"234802943A215B1B6CE408015F103C4223EA98179E4FE411CD55E9A4D0B07E53">>},
 {<<"nitro_cache">>, <<"CC65E7683BE6B2CE26237F3B8C817C106A5A19950A8E58AA95053E2C1C09A078">>},
 {<<"nprocreg">>, <<"5867CA211A24577BA273B41C9B43A48697F6B0DE9DDE56F73CA9205C775F9AB0">>},
 {<<"qdate">>, <<"4D053F50D29D508FAF74AB1CEEC035476987DB411694CDC87C23E2F7A5BE08DB">>},
 {<<"qdate_localtime">>, <<"98A538A5B6046B8652DFC5630B030D0414A1B31D0130C81FA6B88B5C1E625109">>},
 {<<"rekt">>, <<"E9FF5EF2D465A1839DA2E8C0F51B3FF609B29713A9091385C8724902B4E3EC5F">>},
 {<<"sync">>, <<"C05941E29B6CAF9FE9FCAB043A90F438D0BD0F479AB4F5E129F2F0719C304648">>}]}
].
